
Microsoft Visual Studio Solution File, Format Version 12.00
# Visual Studio Version 16
VisualStudioVersion = 16.0.29709.97
MinimumVisualStudioVersion = 10.0.40219.1
Project("{FAE04EC0-301F-11D3-BF4B-00C04F79EFBC}") = "WpfCoreCardsGallery", "WpfCoreCardsGallery\WpfCoreCardsGallery.csproj", "{CF79F6BC-3D51-40B5-A885-7B97496AE527}"
EndProject
Global
	GlobalSection(SolutionConfigurationPlatforms) = preSolution
		Debug|Any CPU = Debug|Any CPU
		Release|Any CPU = Release|Any CPU
	EndGlobalSection
	GlobalSection(ProjectConfigurationPlatforms) = postSolution
		{CF79F6BC-3D51-40B5-A885-7B97496AE527}.Debug|Any CPU.ActiveCfg = Debug|Any CPU
		{CF79F6BC-3D51-40B5-A885-7B97496AE527}.Debug|Any CPU.Build.0 = Debug|Any CPU
		{CF79F6BC-3D51-40B5-A885-7B97496AE527}.Release|Any CPU.ActiveCfg = Release|Any CPU
		{CF79F6BC-3D51-40B5-A885-7B97496AE527}.Release|Any CPU.Build.0 = Release|Any CPU
	EndGlobalSection
	GlobalSection(SolutionProperties) = preSolution
		HideSolutionNode = FALSE
	EndGlobalSection
	GlobalSection(ExtensibilityGlobals) = postSolution
		SolutionGuid = {BE57EBC7-3181-4163-A033-5DEDEF8DC4EF}
	EndGlobalSection
EndGlobal
